
Microsoft Visual Studio Solution File, Format Version 12.00
# Visual Studio 15
VisualStudioVersion = 15.0.27004.2002
MinimumVisualStudioVersion = 10.0.40219.1
Project("{8BC9CEB8-8B4A-11D0-8D11-00A0C91BC942}") = "Sandbox", "Sandbox\Sandbox.vcxproj", "{99FFCB2F-7541-41B1-A87E-FD4DA45FA6AE}"
EndProject
Project("{8BC9CEB8-8B4A-11D0-8D11-00A0C91BC942}") = "Hazel", "Hazel\Hazel.vcxproj", "{35962FA5-E92D-49F5-A170-561B780DA978}"
EndProject
Global
	GlobalSection(SolutionConfigurationPlatforms) = preSolution
		Debug|x64 = Debug|x64
		Release|x64 = Release|x64
	EndGlobalSection
	GlobalSection(ProjectConfigurationPlatforms) = postSolution
		{35962FA5-E92D-49F5-A170-561B780DA978}.Debug|x64.ActiveCfg = Debug|x64
		{35962FA5-E92D-49F5-A170-561B780DA978}.Debug|x64.Build.0 = Debug|x64
		{35962FA5-E92D-49F5-A170-561B780DA978}.Release|x64.ActiveCfg = Release|x64
		{35962FA5-E92D-49F5-A170-561B780DA978}.Release|x64.Build.0 = Release|x64
		{99FFCB2F-7541-41B1-A87E-FD4DA45FA6AE}.Debug|x64.ActiveCfg = Debug|x64
		{99FFCB2F-7541-41B1-A87E-FD4DA45FA6AE}.Debug|x64.Build.0 = Debug|x64
		{99FFCB2F-7541-41B1-A87E-FD4DA45FA6AE}.Release|x64.ActiveCfg = Release|x64
		{99FFCB2F-7541-41B1-A87E-FD4DA45FA6AE}.Release|x64.Build.0 = Release|x64
	EndGlobalSection
	GlobalSection(SolutionProperties) = preSolution
		HideSolutionNode = FALSE
	EndGlobalSection
	GlobalSection(ExtensibilityGlobals) = postSolution
		SolutionGuid = {C25240FE-501D-47D7-AB7B-61A9D21DFA7F}
	EndGlobalSection
EndGlobal
